<?xml version="1.0" encoding="utf-8"?>
<Project ToolsVersion="4.0" xmlns="http://schemas.microsoft.com/developer/msbuild/2003">
  <ItemGroup>
    <Filter Include="源文件">
      <UniqueIdentifier>{4FC737F1-C7A5-4376-A066-2A32D752A2FF}</UniqueIdentifier>
      <Extensions>cpp;c;cc;cxx;def;odl;idl;hpj;bat;asm;asmx</Extensions>
    </Filter>
    <Filter Include="头文件">
      <UniqueIdentifier>{93995380-89BD-4b04-88EB-625FBE52EBFB}</UniqueIdentifier>
      <Extensions>h;hpp;hxx;hm;inl;inc;xsd</Extensions>
    </Filter>
    <Filter Include="资源文件">
      <UniqueIdentifier>{67DA6AB6-F800-4c08-8B7A-83BB121AAD01}</UniqueIdentifier>
      <Extensions>rc;ico;cur;bmp;dlg;rc2;rct;bin;rgs;gif;jpg;jpeg;jpe;resx;tiff;tif;png;wav;mfcribbon-ms</Extensions>
    </Filter>
    <Filter Include="头文件\ctrl">
      <UniqueIdentifier>{5ab649b2-4fba-44a7-a276-7ccbc966e2a1}</UniqueIdentifier>
    </Filter>
    <Filter Include="源文件\ctrl">
      <UniqueIdentifier>{33730d1e-ee57-4ba2-8588-47abcacfb923}</UniqueIdentifier>
    </Filter>
  </ItemGroup>
  <ItemGroup>
    <ClCompile Include="agg_platform_support.cpp">
      <Filter>源文件</Filter>
    </ClCompile>
    <ClCompile Include="agg_win32_bmp.cpp">
      <Filter>源文件</Filter>
    </ClCompile>
    <ClCompile Include="ctrl\agg_bezier_ctrl.cpp">
      <Filter>源文件\ctrl</Filter>
    </ClCompile>
    <ClCompile Include="ctrl\agg_cbox_ctrl.cpp">
      <Filter>源文件\ctrl</Filter>
    </ClCompile>
    <ClCompile Include="ctrl\agg_gamma_ctrl.cpp">
      <Filter>源文件\ctrl</Filter>
    </ClCompile>
    <ClCompile Include="ctrl\agg_gamma_spline.cpp">
      <Filter>源文件\ctrl</Filter>
    </ClCompile>
    <ClCompile Include="ctrl\agg_polygon_ctrl.cpp">
      <Filter>源文件\ctrl</Filter>
    </ClCompile>
    <ClCompile Include="ctrl\agg_rbox_ctrl.cpp">
      <Filter>源文件\ctrl</Filter>
    </ClCompile>
    <ClCompile Include="ctrl\agg_scale_ctrl.cpp">
      <Filter>源文件\ctrl</Filter>
    </ClCompile>
    <ClCompile Include="ctrl\agg_slider_ctrl.cpp">
      <Filter>源文件\ctrl</Filter>
    </ClCompile>
    <ClCompile Include="ctrl\agg_spline_ctrl.cpp">
      <Filter>源文件\ctrl</Filter>
    </ClCompile>
    <ClCompile Include="agg_mxwin.cpp">
      <Filter>源文件</Filter>
    </ClCompile>
  </ItemGroup>
  <ItemGroup>
    <ClInclude Include="agg_platform_support.h">
      <Filter>头文件</Filter>
    </ClInclude>
    <ClInclude Include="agg_win32_bmp.h">
      <Filter>头文件</Filter>
    </ClInclude>
    <ClInclude Include="agg_color_conv.h">
      <Filter>头文件</Filter>
    </ClInclude>
    <ClInclude Include="agg_color_conv_rgb8.h">
      <Filter>头文件</Filter>
    </ClInclude>
    <ClInclude Include="agg_color_conv_rgb16.h">
      <Filter>头文件</Filter>
    </ClInclude>
    <ClInclude Include="ctrl\agg_bezier_ctrl.h">
      <Filter>头文件\ctrl</Filter>
    </ClInclude>
    <ClInclude Include="ctrl\agg_cbox_ctrl.h">
      <Filter>头文件\ctrl</Filter>
    </ClInclude>
    <ClInclude Include="ctrl\agg_ctrl.h">
      <Filter>头文件\ctrl</Filter>
    </ClInclude>
    <ClInclude Include="ctrl\agg_gamma_ctrl.h">
      <Filter>头文件\ctrl</Filter>
    </ClInclude>
    <ClInclude Include="ctrl\agg_gamma_spline.h">
      <Filter>头文件\ctrl</Filter>
    </ClInclude>
    <ClInclude Include="ctrl\agg_polygon_ctrl.h">
      <Filter>头文件\ctrl</Filter>
    </ClInclude>
    <ClInclude Include="ctrl\agg_rbox_ctrl.h">
      <Filter>头文件\ctrl</Filter>
    </ClInclude>
    <ClInclude Include="ctrl\agg_scale_ctrl.h">
      <Filter>头文件\ctrl</Filter>
    </ClInclude>
    <ClInclude Include="ctrl\agg_slider_ctrl.h">
      <Filter>头文件\ctrl</Filter>
    </ClInclude>
    <ClInclude Include="ctrl\agg_spline_ctrl.h">
      <Filter>头文件\ctrl</Filter>
    </ClInclude>
  </ItemGroup>
</Project>